
Microsoft Visual Studio Solution File, Format Version 12.00
# Visual Studio Version 16
VisualStudioVersion = 16.0.31129.286
MinimumVisualStudioVersion = 10.0.40219.1
Project("{9A19103F-16F7-4668-BE54-9A1E7A4F7556}") = "MnG.SedolChecker.Interfaces", "MnG.SedolChecker.Interfaces\MnG.SedolChecker.Interfaces.csproj", "{8520E177-CF63-4582-AD5A-3797ABB13A58}"
EndProject
Project("{9A19103F-16F7-4668-BE54-9A1E7A4F7556}") = "MnG.SedolChecker.Implementations", "MnG.SedolChecker.Implementations\MnG.SedolChecker.Implementations.csproj", "{6E3B0AAE-B437-4D5D-BC2D-77D6578F814F}"
EndProject
Project("{9A19103F-16F7-4668-BE54-9A1E7A4F7556}") = "MnG.SedolChecker.Common", "MnG.SedolChecker.Common\MnG.SedolChecker.Common.csproj", "{2A757E00-B4A7-430A-B666-DEA7C3F482B5}"
EndProject
Project("{FAE04EC0-301F-11D3-BF4B-00C04F79EFBC}") = "MnG.SedolChecker.NUnit3.Tests", "MnG.SedolChecker.NUnit3.Tests\MnG.SedolChecker.NUnit3.Tests.csproj", "{45DE6A74-6E7F-4B2A-8333-D56E9BDE89A7}"
EndProject
Global
	GlobalSection(SolutionConfigurationPlatforms) = preSolution
		Debug|Any CPU = Debug|Any CPU
		Release|Any CPU = Release|Any CPU
	EndGlobalSection
	GlobalSection(ProjectConfigurationPlatforms) = postSolution
		{8520E177-CF63-4582-AD5A-3797ABB13A58}.Debug|Any CPU.ActiveCfg = Debug|Any CPU
		{8520E177-CF63-4582-AD5A-3797ABB13A58}.Debug|Any CPU.Build.0 = Debug|Any CPU
		{8520E177-CF63-4582-AD5A-3797ABB13A58}.Release|Any CPU.ActiveCfg = Release|Any CPU
		{8520E177-CF63-4582-AD5A-3797ABB13A58}.Release|Any CPU.Build.0 = Release|Any CPU
		{6E3B0AAE-B437-4D5D-BC2D-77D6578F814F}.Debug|Any CPU.ActiveCfg = Debug|Any CPU
		{6E3B0AAE-B437-4D5D-BC2D-77D6578F814F}.Debug|Any CPU.Build.0 = Debug|Any CPU
		{6E3B0AAE-B437-4D5D-BC2D-77D6578F814F}.Release|Any CPU.ActiveCfg = Release|Any CPU
		{6E3B0AAE-B437-4D5D-BC2D-77D6578F814F}.Release|Any CPU.Build.0 = Release|Any CPU
		{2A757E00-B4A7-430A-B666-DEA7C3F482B5}.Debug|Any CPU.ActiveCfg = Debug|Any CPU
		{2A757E00-B4A7-430A-B666-DEA7C3F482B5}.Debug|Any CPU.Build.0 = Debug|Any CPU
		{2A757E00-B4A7-430A-B666-DEA7C3F482B5}.Release|Any CPU.ActiveCfg = Release|Any CPU
		{2A757E00-B4A7-430A-B666-DEA7C3F482B5}.Release|Any CPU.Build.0 = Release|Any CPU
		{45DE6A74-6E7F-4B2A-8333-D56E9BDE89A7}.Debug|Any CPU.ActiveCfg = Debug|Any CPU
		{45DE6A74-6E7F-4B2A-8333-D56E9BDE89A7}.Debug|Any CPU.Build.0 = Debug|Any CPU
		{45DE6A74-6E7F-4B2A-8333-D56E9BDE89A7}.Release|Any CPU.ActiveCfg = Release|Any CPU
		{45DE6A74-6E7F-4B2A-8333-D56E9BDE89A7}.Release|Any CPU.Build.0 = Release|Any CPU
	EndGlobalSection
	GlobalSection(SolutionProperties) = preSolution
		HideSolutionNode = FALSE
	EndGlobalSection
	GlobalSection(ExtensibilityGlobals) = postSolution
		SolutionGuid = {B57EC533-58A6-45B5-BCC8-097618D48943}
	EndGlobalSection
EndGlobal
